
Microsoft Visual Studio Solution File, Format Version 12.00
# Visual Studio Version 16
VisualStudioVersion = 16.0.31702.278
MinimumVisualStudioVersion = 10.0.40219.1
Project("{FAE04EC0-301F-11D3-BF4B-00C04F79EFBC}") = "Calculator (forms)", "Calculator (forms)\Calculator (forms).csproj", "{0476FEB3-7A47-4D02-8420-DCA3DB0FE5C7}"
EndProject
Global
	GlobalSection(SolutionConfigurationPlatforms) = preSolution
		Debug|Any CPU = Debug|Any CPU
		Release|Any CPU = Release|Any CPU
	EndGlobalSection
	GlobalSection(ProjectConfigurationPlatforms) = postSolution
		{0476FEB3-7A47-4D02-8420-DCA3DB0FE5C7}.Debug|Any CPU.ActiveCfg = Debug|Any CPU
		{0476FEB3-7A47-4D02-8420-DCA3DB0FE5C7}.Debug|Any CPU.Build.0 = Debug|Any CPU
		{0476FEB3-7A47-4D02-8420-DCA3DB0FE5C7}.Release|Any CPU.ActiveCfg = Release|Any CPU
		{0476FEB3-7A47-4D02-8420-DCA3DB0FE5C7}.Release|Any CPU.Build.0 = Release|Any CPU
	EndGlobalSection
	GlobalSection(SolutionProperties) = preSolution
		HideSolutionNode = FALSE
	EndGlobalSection
	GlobalSection(ExtensibilityGlobals) = postSolution
		SolutionGuid = {5E4EE7AE-1990-4CF4-9273-83111E2A34A4}
	EndGlobalSection
EndGlobal
